{
  "name": "iov-mp-wxminiprogram-app",
  "lockfileVersion": 2,
  "requires": true,
  "packages": {
    "": {
      "dependencies": {
        "@vant/weapp": "^1.11.6",
        "lin-ui": "^0.9.12",
        "miniprogram-api-promise": "^1.0.4",
        "mp-html": "^2.4.0",
        "wx-canvas-2d": "^2.4.5"
      }
    },
    "node_modules/@vant/weapp": {
      "version": "1.11.6",
      "resolved": "https://registry.npmjs.org/@vant/weapp/-/weapp-1.11.6.tgz",
      "integrity": "sha512-a3heReWYT2gNdsyj6x1hBwsM8V8NrjcPAmle86NH2CD2V/i/h0le75piW6KntSfOPCwekVWMBKhysNrBpJeKdw=="
    },
    "node_modules/lin-ui": {
      "version": "0.9.12",
      "resolved": "https://registry.npmjs.org/lin-ui/-/lin-ui-0.9.12.tgz",
      "integrity": "sha512-3eXi4VgkxUbjCra8afVndi+bBi4CUrqhvGKt1p56W2zoZbk0c1ZQogX5mGjMpYrD1P2vPWx1Kw1nGipWog/lug=="
    },
    "node_modules/miniprogram-api-promise": {
      "version": "1.0.4",
      "resolved": "https://registry.npmjs.org/miniprogram-api-promise/-/miniprogram-api-promise-1.0.4.tgz",
      "integrity": "sha512-lS2ukj03Ugy8IJUDmdssklLT4kjzyRtVYwErhyDZkzxtqcxaed2xldRgNrsikigeMUBR9gAs7wgnjSKPlyKIYg=="
    },
    "node_modules/mp-html": {
      "version": "2.4.0",
      "resolved": "https://registry.npmjs.org/mp-html/-/mp-html-2.4.0.tgz",
      "integrity": "sha512-T8zcDoy+zR5VMQ9dnFK3bMAbibgVN8VitXNjuU9tuRPYSbo2qiGroYJSoAAF7XbFenMayKjeY8fkR0dxOD63sQ=="
    },
    "node_modules/wx-canvas-2d": {
      "version": "2.4.5",
      "resolved": "https://registry.npmjs.org/wx-canvas-2d/-/wx-canvas-2d-2.4.5.tgz",
      "integrity": "sha512-76mOaLX2GwZnmg5+hq29I4vJ4V6z4Go0E3OJI2XnfrTciIC6471hSDjNwNI/fAMQVgF92TkhQgtKKzez3Sl90g==",
      "hasInstallScript": true
    }
  },
  "dependencies": {
    "@vant/weapp": {
      "version": "1.11.6",
      "resolved": "https://registry.npmjs.org/@vant/weapp/-/weapp-1.11.6.tgz",
      "integrity": "sha512-a3heReWYT2gNdsyj6x1hBwsM8V8NrjcPAmle86NH2CD2V/i/h0le75piW6KntSfOPCwekVWMBKhysNrBpJeKdw=="
    },
    "lin-ui": {
      "version": "0.9.12",
      "resolved": "https://registry.npmjs.org/lin-ui/-/lin-ui-0.9.12.tgz",
      "integrity": "sha512-3eXi4VgkxUbjCra8afVndi+bBi4CUrqhvGKt1p56W2zoZbk0c1ZQogX5mGjMpYrD1P2vPWx1Kw1nGipWog/lug=="
    },
    "miniprogram-api-promise": {
      "version": "1.0.4",
      "resolved": "https://registry.npmjs.org/miniprogram-api-promise/-/miniprogram-api-promise-1.0.4.tgz",
      "integrity": "sha512-lS2ukj03Ugy8IJUDmdssklLT4kjzyRtVYwErhyDZkzxtqcxaed2xldRgNrsikigeMUBR9gAs7wgnjSKPlyKIYg=="
    },
    "mp-html": {
      "version": "2.4.0",
      "resolved": "https://registry.npmjs.org/mp-html/-/mp-html-2.4.0.tgz",
      "integrity": "sha512-T8zcDoy+zR5VMQ9dnFK3bMAbibgVN8VitXNjuU9tuRPYSbo2qiGroYJSoAAF7XbFenMayKjeY8fkR0dxOD63sQ=="
    },
    "wx-canvas-2d": {
      "version": "2.4.5",
      "resolved": "https://registry.npmjs.org/wx-canvas-2d/-/wx-canvas-2d-2.4.5.tgz",
      "integrity": "sha512-76mOaLX2GwZnmg5+hq29I4vJ4V6z4Go0E3OJI2XnfrTciIC6471hSDjNwNI/fAMQVgF92TkhQgtKKzez3Sl90g=="
    }
  }
}
